Microsoft Visual Studio Solution File, Format Version 12.00
# Visual Studio Version 17
VisualStudioVersion = 17.5.2.0
MinimumVisualStudioVersion = 10.0.40219.1
Project("{FAE04EC0-301F-11D3-BF4B-00C04F79EFBC}") = "backend_zamiga", "backend_zamiga.csproj", "{80CE215F-431F-E6EC-BEED-3982E94103D8}"
EndProject
Global
	GlobalSection(SolutionConfigurationPlatforms) = preSolution
		Debug|Any CPU = Debug|Any CPU
		Release|Any CPU = Release|Any CPU
	EndGlobalSection
	GlobalSection(ProjectConfigurationPlatforms) = postSolution
		{80CE215F-431F-E6EC-BEED-3982E94103D8}.Debug|Any CPU.ActiveCfg = Debug|Any CPU
		{80CE215F-431F-E6EC-BEED-3982E94103D8}.Debug|Any CPU.Build.0 = Debug|Any CPU
		{80CE215F-431F-E6EC-BEED-3982E94103D8}.Release|Any CPU.ActiveCfg = Release|Any CPU
		{80CE215F-431F-E6EC-BEED-3982E94103D8}.Release|Any CPU.Build.0 = Release|Any CPU
	EndGlobalSection
	GlobalSection(SolutionProperties) = preSolution
		HideSolutionNode = FALSE
	EndGlobalSection
	GlobalSection(ExtensibilityGlobals) = postSolution
		SolutionGuid = {D0CE5CF5-9CAE-45AF-AB3E-0811DA20FD1C}
	EndGlobalSection
EndGlobal
